
Microsoft Visual Studio Solution File, Format Version 12.00
# Visual Studio Version 16
VisualStudioVersion = 16.0.31727.386
MinimumVisualStudioVersion = 10.0.40219.1
Project("{2150E333-8FDC-42A3-9474-1A3956D46DE8}") = "Frontend", "Frontend", "{765E2274-3D20-4D9F-ABF5-661CDC34BCF7}"
EndProject
Project("{2150E333-8FDC-42A3-9474-1A3956D46DE8}") = "Backend", "Backend", "{C7A02939-7E0B-4935-A685-6C4098F20BC4}"
EndProject
Project("{2150E333-8FDC-42A3-9474-1A3956D46DE8}") = "Shared", "Shared", "{28C1F411-BF30-4B96-8E9E-EAFD57FF30A1}"
EndProject
Project("{9A19103F-16F7-4668-BE54-9A1E7A4F7556}") = "GVC31G_HFT_2021221.Data", "GVC31G_HFT_2021221.Data\GVC31G_HFT_2021221.Data.csproj", "{9AF2DB8A-4D7C-492E-ACD4-D3C435C2AF07}"
EndProject
Project("{9A19103F-16F7-4668-BE54-9A1E7A4F7556}") = "GVC31G_HFT_2021221.Logic", "GVC31G_HFT_2021221.Logic\GVC31G_HFT_2021221.Logic.csproj", "{AD8AC086-6A2D-44AC-BADE-730C139AD91C}"
EndProject
Project("{9A19103F-16F7-4668-BE54-9A1E7A4F7556}") = "GVC31G_HFT_2021221.Repository", "GVC31G_HFT_2021221.Repository\GVC31G_HFT_2021221.Repository.csproj", "{02223B3B-2FC2-474C-9F1E-F90FA7C443F8}"
EndProject
Project("{9A19103F-16F7-4668-BE54-9A1E7A4F7556}") = "GVC31G_HFT_2021221.Test", "GVC31G_HFT_2021221.Test\GVC31G_HFT_2021221.Test.csproj", "{CA032882-4C17-4E00-8933-99FAD0638DF4}"
EndProject
Project("{2150E333-8FDC-42A3-9474-1A3956D46DE8}") = "Solution Items", "Solution Items", "{43A35EA6-3B80-4534-B642-FC18A0BAEF79}"
	ProjectSection(SolutionItems) = preProject
		.gitignore = .gitignore
	EndProjectSection
EndProject
Project("{9A19103F-16F7-4668-BE54-9A1E7A4F7556}") = "GVC31G_HFT_2021221.Endpoint", "GVC31G_HFT_2021221.Endpoint\GVC31G_HFT_2021221.Endpoint.csproj", "{78732DCF-375D-491D-8032-3FB7012B80A1}"
EndProject
Project("{9A19103F-16F7-4668-BE54-9A1E7A4F7556}") = "GVC31G_HFT_2021221.Models", "GVC31G_HFT_2021221.Models\GVC31G_HFT_2021221.Models.csproj", "{298ABCA3-86F3-4D9C-A32B-CBE61D5D59CE}"
EndProject
Project("{2150E333-8FDC-42A3-9474-1A3956D46DE8}") = "Data", "Data", "{3799FAE0-4998-435A-A818-CB9F349DAADC}"
EndProject
Project("{2150E333-8FDC-42A3-9474-1A3956D46DE8}") = "Endpoint", "Endpoint", "{07279020-2E14-43CE-BC51-9630601BB65D}"
EndProject
Project("{2150E333-8FDC-42A3-9474-1A3956D46DE8}") = "Logic", "Logic", "{570965F7-67F5-4CD5-9823-7447940169AC}"
EndProject
Project("{2150E333-8FDC-42A3-9474-1A3956D46DE8}") = "Repository", "Repository", "{267E8E34-FFB2-47BB-ADE6-17098BEAC735}"
EndProject
Project("{2150E333-8FDC-42A3-9474-1A3956D46DE8}") = "Test", "Test", "{9C084BAF-F42C-41E9-BF1E-8F05B814402E}"
EndProject
Project("{9A19103F-16F7-4668-BE54-9A1E7A4F7556}") = "GVC31G_HFT_2021221.Client", "GVC31G_HFT_2021221.Client\GVC31G_HFT_2021221.Client.csproj", "{140F0522-94A4-4D9C-BB68-34C9254F5CDB}"
EndProject
Global
	GlobalSection(SolutionConfigurationPlatforms) = preSolution
		Debug|Any CPU = Debug|Any CPU
		Release|Any CPU = Release|Any CPU
	EndGlobalSection
	GlobalSection(ProjectConfigurationPlatforms) = postSolution
		{9AF2DB8A-4D7C-492E-ACD4-D3C435C2AF07}.Debug|Any CPU.ActiveCfg = Debug|Any CPU
		{9AF2DB8A-4D7C-492E-ACD4-D3C435C2AF07}.Debug|Any CPU.Build.0 = Debug|Any CPU
		{9AF2DB8A-4D7C-492E-ACD4-D3C435C2AF07}.Release|Any CPU.ActiveCfg = Release|Any CPU
		{9AF2DB8A-4D7C-492E-ACD4-D3C435C2AF07}.Release|Any CPU.Build.0 = Release|Any CPU
		{AD8AC086-6A2D-44AC-BADE-730C139AD91C}.Debug|Any CPU.ActiveCfg = Debug|Any CPU
		{AD8AC086-6A2D-44AC-BADE-730C139AD91C}.Debug|Any CPU.Build.0 = Debug|Any CPU
		{AD8AC086-6A2D-44AC-BADE-730C139AD91C}.Release|Any CPU.ActiveCfg = Release|Any CPU
		{AD8AC086-6A2D-44AC-BADE-730C139AD91C}.Release|Any CPU.Build.0 = Release|Any CPU
		{02223B3B-2FC2-474C-9F1E-F90FA7C443F8}.Debug|Any CPU.ActiveCfg = Debug|Any CPU
		{02223B3B-2FC2-474C-9F1E-F90FA7C443F8}.Debug|Any CPU.Build.0 = Debug|Any CPU
		{02223B3B-2FC2-474C-9F1E-F90FA7C443F8}.Release|Any CPU.ActiveCfg = Release|Any CPU
		{02223B3B-2FC2-474C-9F1E-F90FA7C443F8}.Release|Any CPU.Build.0 = Release|Any CPU
		{CA032882-4C17-4E00-8933-99FAD0638DF4}.Debug|Any CPU.ActiveCfg = Debug|Any CPU
		{CA032882-4C17-4E00-8933-99FAD0638DF4}.Debug|Any CPU.Build.0 = Debug|Any CPU
		{CA032882-4C17-4E00-8933-99FAD0638DF4}.Release|Any CPU.ActiveCfg = Release|Any CPU
		{CA032882-4C17-4E00-8933-99FAD0638DF4}.Release|Any CPU.Build.0 = Release|Any CPU
		{78732DCF-375D-491D-8032-3FB7012B80A1}.Debug|Any CPU.ActiveCfg = Debug|Any CPU
		{78732DCF-375D-491D-8032-3FB7012B80A1}.Debug|Any CPU.Build.0 = Debug|Any CPU
		{78732DCF-375D-491D-8032-3FB7012B80A1}.Release|Any CPU.ActiveCfg = Release|Any CPU
		{78732DCF-375D-491D-8032-3FB7012B80A1}.Release|Any CPU.Build.0 = Release|Any CPU
		{298ABCA3-86F3-4D9C-A32B-CBE61D5D59CE}.Debug|Any CPU.ActiveCfg = Debug|Any CPU
		{298ABCA3-86F3-4D9C-A32B-CBE61D5D59CE}.Debug|Any CPU.Build.0 = Debug|Any CPU
		{298ABCA3-86F3-4D9C-A32B-CBE61D5D59CE}.Release|Any CPU.ActiveCfg = Release|Any CPU
		{298ABCA3-86F3-4D9C-A32B-CBE61D5D59CE}.Release|Any CPU.Build.0 = Release|Any CPU
		{140F0522-94A4-4D9C-BB68-34C9254F5CDB}.Debug|Any CPU.ActiveCfg = Debug|Any CPU
		{140F0522-94A4-4D9C-BB68-34C9254F5CDB}.Debug|Any CPU.Build.0 = Debug|Any CPU
		{140F0522-94A4-4D9C-BB68-34C9254F5CDB}.Release|Any CPU.ActiveCfg = Release|Any CPU
		{140F0522-94A4-4D9C-BB68-34C9254F5CDB}.Release|Any CPU.Build.0 = Release|Any CPU
	EndGlobalSection
	GlobalSection(SolutionProperties) = preSolution
		HideSolutionNode = FALSE
	EndGlobalSection
	GlobalSection(NestedProjects) = preSolution
		{9AF2DB8A-4D7C-492E-ACD4-D3C435C2AF07} = {3799FAE0-4998-435A-A818-CB9F349DAADC}
		{AD8AC086-6A2D-44AC-BADE-730C139AD91C} = {570965F7-67F5-4CD5-9823-7447940169AC}
		{02223B3B-2FC2-474C-9F1E-F90FA7C443F8} = {267E8E34-FFB2-47BB-ADE6-17098BEAC735}
		{CA032882-4C17-4E00-8933-99FAD0638DF4} = {9C084BAF-F42C-41E9-BF1E-8F05B814402E}
		{78732DCF-375D-491D-8032-3FB7012B80A1} = {07279020-2E14-43CE-BC51-9630601BB65D}
		{298ABCA3-86F3-4D9C-A32B-CBE61D5D59CE} = {28C1F411-BF30-4B96-8E9E-EAFD57FF30A1}
		{3799FAE0-4998-435A-A818-CB9F349DAADC} = {C7A02939-7E0B-4935-A685-6C4098F20BC4}
		{07279020-2E14-43CE-BC51-9630601BB65D} = {C7A02939-7E0B-4935-A685-6C4098F20BC4}
		{570965F7-67F5-4CD5-9823-7447940169AC} = {C7A02939-7E0B-4935-A685-6C4098F20BC4}
		{267E8E34-FFB2-47BB-ADE6-17098BEAC735} = {C7A02939-7E0B-4935-A685-6C4098F20BC4}
		{9C084BAF-F42C-41E9-BF1E-8F05B814402E} = {C7A02939-7E0B-4935-A685-6C4098F20BC4}
		{140F0522-94A4-4D9C-BB68-34C9254F5CDB} = {765E2274-3D20-4D9F-ABF5-661CDC34BCF7}
	EndGlobalSection
	GlobalSection(ExtensibilityGlobals) = postSolution
		SolutionGuid = {9A2F19F8-3EBA-41B3-AF3D-4E35CB07ED93}
	EndGlobalSection
EndGlobal
