
Microsoft Visual Studio Solution File, Format Version 12.00
# Visual Studio Version 16
VisualStudioVersion = 16.0.31727.386
MinimumVisualStudioVersion = 10.0.40219.1
Project("{FAE04EC0-301F-11D3-BF4B-00C04F79EFBC}") = "GVC31G_HFT_2021221.Client", "GVC31G_HFT_2021221\GVC31G_HFT_2021221.Client.csproj", "{2941500B-169B-4D11-BA0B-C86A0CC27178}"
EndProject
Project("{2150E333-8FDC-42A3-9474-1A3956D46DE8}") = "Frontend", "Frontend", "{765E2274-3D20-4D9F-ABF5-661CDC34BCF7}"
EndProject
Project("{2150E333-8FDC-42A3-9474-1A3956D46DE8}") = "Backend", "Backend", "{C7A02939-7E0B-4935-A685-6C4098F20BC4}"
EndProject
Project("{2150E333-8FDC-42A3-9474-1A3956D46DE8}") = "Shared", "Shared", "{28C1F411-BF30-4B96-8E9E-EAFD57FF30A1}"
EndProject
Project("{FAE04EC0-301F-11D3-BF4B-00C04F79EFBC}") = "GVC31G_HFT_2021221.Data", "GVC31G_HFT_2021221.Data\GVC31G_HFT_2021221.Data.csproj", "{9AF2DB8A-4D7C-492E-ACD4-D3C435C2AF07}"
EndProject
Project("{FAE04EC0-301F-11D3-BF4B-00C04F79EFBC}") = "GVC31G_HFT_2021221.Models", "GVC31G_HFT_2021221.Models\GVC31G_HFT_2021221.Models.csproj", "{5F754906-A60C-44F3-BE9D-CFA37D140887}"
EndProject
Project("{FAE04EC0-301F-11D3-BF4B-00C04F79EFBC}") = "GVC31G_HFT_2021221.Logic", "GVC31G_HFT_2021221.Logic\GVC31G_HFT_2021221.Logic.csproj", "{AD8AC086-6A2D-44AC-BADE-730C139AD91C}"
EndProject
Project("{FAE04EC0-301F-11D3-BF4B-00C04F79EFBC}") = "GVC31G_HFT_2021221.Repository", "GVC31G_HFT_2021221.Repository\GVC31G_HFT_2021221.Repository.csproj", "{02223B3B-2FC2-474C-9F1E-F90FA7C443F8}"
EndProject
Project("{FAE04EC0-301F-11D3-BF4B-00C04F79EFBC}") = "GVC31G_HFT_2021221.Endpoint", "GVC31G_HFT_2021221.Endpoint\GVC31G_HFT_2021221.Endpoint.csproj", "{232DBA8A-E18D-4C9D-AD7C-E59B600C8B04}"
EndProject
Project("{FAE04EC0-301F-11D3-BF4B-00C04F79EFBC}") = "GVC31G_HFT_2021221.Test", "GVC31G_HFT_2021221.Test\GVC31G_HFT_2021221.Test.csproj", "{CA032882-4C17-4E00-8933-99FAD0638DF4}"
EndProject
Global
	GlobalSection(SolutionConfigurationPlatforms) = preSolution
		Debug|Any CPU = Debug|Any CPU
		Release|Any CPU = Release|Any CPU
	EndGlobalSection
	GlobalSection(ProjectConfigurationPlatforms) = postSolution
		{2941500B-169B-4D11-BA0B-C86A0CC27178}.Debug|Any CPU.ActiveCfg = Debug|Any CPU
		{2941500B-169B-4D11-BA0B-C86A0CC27178}.Debug|Any CPU.Build.0 = Debug|Any CPU
		{2941500B-169B-4D11-BA0B-C86A0CC27178}.Release|Any CPU.ActiveCfg = Release|Any CPU
		{2941500B-169B-4D11-BA0B-C86A0CC27178}.Release|Any CPU.Build.0 = Release|Any CPU
		{9AF2DB8A-4D7C-492E-ACD4-D3C435C2AF07}.Debug|Any CPU.ActiveCfg = Debug|Any CPU
		{9AF2DB8A-4D7C-492E-ACD4-D3C435C2AF07}.Debug|Any CPU.Build.0 = Debug|Any CPU
		{9AF2DB8A-4D7C-492E-ACD4-D3C435C2AF07}.Release|Any CPU.ActiveCfg = Release|Any CPU
		{9AF2DB8A-4D7C-492E-ACD4-D3C435C2AF07}.Release|Any CPU.Build.0 = Release|Any CPU
		{5F754906-A60C-44F3-BE9D-CFA37D140887}.Debug|Any CPU.ActiveCfg = Debug|Any CPU
		{5F754906-A60C-44F3-BE9D-CFA37D140887}.Debug|Any CPU.Build.0 = Debug|Any CPU
		{5F754906-A60C-44F3-BE9D-CFA37D140887}.Release|Any CPU.ActiveCfg = Release|Any CPU
		{5F754906-A60C-44F3-BE9D-CFA37D140887}.Release|Any CPU.Build.0 = Release|Any CPU
		{AD8AC086-6A2D-44AC-BADE-730C139AD91C}.Debug|Any CPU.ActiveCfg = Debug|Any CPU
		{AD8AC086-6A2D-44AC-BADE-730C139AD91C}.Debug|Any CPU.Build.0 = Debug|Any CPU
		{AD8AC086-6A2D-44AC-BADE-730C139AD91C}.Release|Any CPU.ActiveCfg = Release|Any CPU
		{AD8AC086-6A2D-44AC-BADE-730C139AD91C}.Release|Any CPU.Build.0 = Release|Any CPU
		{02223B3B-2FC2-474C-9F1E-F90FA7C443F8}.Debug|Any CPU.ActiveCfg = Debug|Any CPU
		{02223B3B-2FC2-474C-9F1E-F90FA7C443F8}.Debug|Any CPU.Build.0 = Debug|Any CPU
		{02223B3B-2FC2-474C-9F1E-F90FA7C443F8}.Release|Any CPU.ActiveCfg = Release|Any CPU
		{02223B3B-2FC2-474C-9F1E-F90FA7C443F8}.Release|Any CPU.Build.0 = Release|Any CPU
		{232DBA8A-E18D-4C9D-AD7C-E59B600C8B04}.Debug|Any CPU.ActiveCfg = Debug|Any CPU
		{232DBA8A-E18D-4C9D-AD7C-E59B600C8B04}.Debug|Any CPU.Build.0 = Debug|Any CPU
		{232DBA8A-E18D-4C9D-AD7C-E59B600C8B04}.Release|Any CPU.ActiveCfg = Release|Any CPU
		{232DBA8A-E18D-4C9D-AD7C-E59B600C8B04}.Release|Any CPU.Build.0 = Release|Any CPU
		{CA032882-4C17-4E00-8933-99FAD0638DF4}.Debug|Any CPU.ActiveCfg = Debug|Any CPU
		{CA032882-4C17-4E00-8933-99FAD0638DF4}.Debug|Any CPU.Build.0 = Debug|Any CPU
		{CA032882-4C17-4E00-8933-99FAD0638DF4}.Release|Any CPU.ActiveCfg = Release|Any CPU
		{CA032882-4C17-4E00-8933-99FAD0638DF4}.Release|Any CPU.Build.0 = Release|Any CPU
	EndGlobalSection
	GlobalSection(SolutionProperties) = preSolution
		HideSolutionNode = FALSE
	EndGlobalSection
	GlobalSection(NestedProjects) = preSolution
		{2941500B-169B-4D11-BA0B-C86A0CC27178} = {765E2274-3D20-4D9F-ABF5-661CDC34BCF7}
		{9AF2DB8A-4D7C-492E-ACD4-D3C435C2AF07} = {C7A02939-7E0B-4935-A685-6C4098F20BC4}
		{5F754906-A60C-44F3-BE9D-CFA37D140887} = {28C1F411-BF30-4B96-8E9E-EAFD57FF30A1}
		{AD8AC086-6A2D-44AC-BADE-730C139AD91C} = {C7A02939-7E0B-4935-A685-6C4098F20BC4}
		{02223B3B-2FC2-474C-9F1E-F90FA7C443F8} = {C7A02939-7E0B-4935-A685-6C4098F20BC4}
		{232DBA8A-E18D-4C9D-AD7C-E59B600C8B04} = {C7A02939-7E0B-4935-A685-6C4098F20BC4}
		{CA032882-4C17-4E00-8933-99FAD0638DF4} = {C7A02939-7E0B-4935-A685-6C4098F20BC4}
	EndGlobalSection
	GlobalSection(ExtensibilityGlobals) = postSolution
		SolutionGuid = {9A2F19F8-3EBA-41B3-AF3D-4E35CB07ED93}
	EndGlobalSection
EndGlobal
